hash: 518454246a028792207ec2678e653664c60b90745569cc2caae17cc847f29259
updated: 2016-12-12T21:47:00.490733802+01:00
imports:
- name: github.com/boltdb/bolt
  version: 0d9f544bb94aac29c185968483459ef74d6deb5d
- name: github.com/kr/s3
  version: c070c8f9a8f0032d48f0d2a77d4e382788bd8a1d
- name: github.com/restic/chunker
  version: bb2ecf9a98e35a0b336ffc23fc515fb6e7961577
testImports: []
