hash: c632de44663be8231c108517876068ec21b5ec4eaefa488b4cb04500c1c8cd6b
updated: 2016-12-19T22:50:38.536295543+01:00
imports:
- name: github.com/boltdb/bolt
  version: 0d9f544bb94aac29c185968483459ef74d6deb5d
- name: github.com/restic/chunker
  version: bb2ecf9a98e35a0b336ffc23fc515fb6e7961577
- name: github.com/smartystreets/go-aws-auth
  version: 2043e6d0bb7e4c18464a7bba562acbe482e3cabd
testImports: []
